
Microsoft Visual Studio Solution File, Format Version 12.00
# Visual Studio Version 17
VisualStudioVersion = 17.7.34221.43
MinimumVisualStudioVersion = 10.0.40219.1
Project("{FAE04EC0-301F-11D3-BF4B-00C04F79EFBC}") = "SocketAsync_Client_Bot_Server_Bot", "SocketAsync_Client_Bot_Server_Bot\SocketAsync_Client_Bot_Server_Bot.csproj", "{F2DA81CA-E4CD-464F-8E1F-F3353097CA83}"
EndProject
Project("{FAE04EC0-301F-11D3-BF4B-00C04F79EFBC}") = "ServerAsync", "ServerAsync\ServerAsync.csproj", "{08E9CFC8-78E6-4716-924B-94C72DE12704}"
EndProject
Global
	GlobalSection(SolutionConfigurationPlatforms) = preSolution
		Debug|Any CPU = Debug|Any CPU
		Release|Any CPU = Release|Any CPU
	EndGlobalSection
	GlobalSection(ProjectConfigurationPlatforms) = postSolution
		{F2DA81CA-E4CD-464F-8E1F-F3353097CA83}.Debug|Any CPU.ActiveCfg = Debug|Any CPU
		{F2DA81CA-E4CD-464F-8E1F-F3353097CA83}.Debug|Any CPU.Build.0 = Debug|Any CPU
		{F2DA81CA-E4CD-464F-8E1F-F3353097CA83}.Release|Any CPU.ActiveCfg = Release|Any CPU
		{F2DA81CA-E4CD-464F-8E1F-F3353097CA83}.Release|Any CPU.Build.0 = Release|Any CPU
		{08E9CFC8-78E6-4716-924B-94C72DE12704}.Debug|Any CPU.ActiveCfg = Debug|Any CPU
		{08E9CFC8-78E6-4716-924B-94C72DE12704}.Debug|Any CPU.Build.0 = Debug|Any CPU
		{08E9CFC8-78E6-4716-924B-94C72DE12704}.Release|Any CPU.ActiveCfg = Release|Any CPU
		{08E9CFC8-78E6-4716-924B-94C72DE12704}.Release|Any CPU.Build.0 = Release|Any CPU
	EndGlobalSection
	GlobalSection(SolutionProperties) = preSolution
		HideSolutionNode = FALSE
	EndGlobalSection
	GlobalSection(ExtensibilityGlobals) = postSolution
		SolutionGuid = {BA58CBBD-6162-4CB6-B7D2-2FEF8E4E6123}
	EndGlobalSection
EndGlobal
